
Microsoft Visual Studio Solution File, Format Version 12.00
# Visual Studio Version 17
VisualStudioVersion = 17.1.32319.34
MinimumVisualStudioVersion = 10.0.40219.1
Project("{FAE04EC0-301F-11D3-BF4B-00C04F79EFBC}") = "Control3_DiegoLopez", "Control3_DiegoLopez\Control3_DiegoLopez.csproj", "{022F494F-133A-4CF6-BC92-A774675027C9}"
EndProject
Global
	GlobalSection(SolutionConfigurationPlatforms) = preSolution
		Debug|Any CPU = Debug|Any CPU
		Release|Any CPU = Release|Any CPU
	EndGlobalSection
	GlobalSection(ProjectConfigurationPlatforms) = postSolution
		{022F494F-133A-4CF6-BC92-A774675027C9}.Debug|Any CPU.ActiveCfg = Debug|Any CPU
		{022F494F-133A-4CF6-BC92-A774675027C9}.Debug|Any CPU.Build.0 = Debug|Any CPU
		{022F494F-133A-4CF6-BC92-A774675027C9}.Release|Any CPU.ActiveCfg = Release|Any CPU
		{022F494F-133A-4CF6-BC92-A774675027C9}.Release|Any CPU.Build.0 = Release|Any CPU
	EndGlobalSection
	GlobalSection(SolutionProperties) = preSolution
		HideSolutionNode = FALSE
	EndGlobalSection
	GlobalSection(ExtensibilityGlobals) = postSolution
		SolutionGuid = {1DF5EA6C-8870-4CCE-B22E-9DE1E686EA1C}
	EndGlobalSection
EndGlobal
